
Microsoft Visual Studio Solution File, Format Version 12.00
# Visual Studio 15
VisualStudioVersion = 15.0.28307.757
MinimumVisualStudioVersion = 10.0.40219.1
Project("{9A19103F-16F7-4668-BE54-9A1E7A4F7556}") = "Pyramid", "Pyramid\Pyramid.csproj", "{4F9B695D-EE61-46C4-A406-661683C429D2}"
EndProject
Project("{FAE04EC0-301F-11D3-BF4B-00C04F79EFBC}") = "PyramidTest", "PyramidTest\PyramidTest.csproj", "{4575358E-286F-4F6C-8ED3-CAA04C50B45E}"
EndProject
Global
	GlobalSection(SolutionConfigurationPlatforms) = preSolution
		Debug|Any CPU = Debug|Any CPU
		Release|Any CPU = Release|Any CPU
	EndGlobalSection
	GlobalSection(ProjectConfigurationPlatforms) = postSolution
		{4F9B695D-EE61-46C4-A406-661683C429D2}.Debug|Any CPU.ActiveCfg = Debug|Any CPU
		{4F9B695D-EE61-46C4-A406-661683C429D2}.Debug|Any CPU.Build.0 = Debug|Any CPU
		{4F9B695D-EE61-46C4-A406-661683C429D2}.Release|Any CPU.ActiveCfg = Release|Any CPU
		{4F9B695D-EE61-46C4-A406-661683C429D2}.Release|Any CPU.Build.0 = Release|Any CPU
		{4575358E-286F-4F6C-8ED3-CAA04C50B45E}.Debug|Any CPU.ActiveCfg = Debug|Any CPU
		{4575358E-286F-4F6C-8ED3-CAA04C50B45E}.Debug|Any CPU.Build.0 = Debug|Any CPU
		{4575358E-286F-4F6C-8ED3-CAA04C50B45E}.Release|Any CPU.ActiveCfg = Release|Any CPU
		{4575358E-286F-4F6C-8ED3-CAA04C50B45E}.Release|Any CPU.Build.0 = Release|Any CPU
	EndGlobalSection
	GlobalSection(SolutionProperties) = preSolution
		HideSolutionNode = FALSE
	EndGlobalSection
	GlobalSection(ExtensibilityGlobals) = postSolution
		SolutionGuid = {513D01A3-8B5A-4B17-8D1F-81CFCC62B016}
	EndGlobalSection
EndGlobal
