
Microsoft Visual Studio Solution File, Format Version 12.00
# Visual Studio 15
VisualStudioVersion = 15.0.26730.16
MinimumVisualStudioVersion = 10.0.40219.1
Project("{9A19103F-16F7-4668-BE54-9A1E7A4F7556}") = "Golf", "Golf\Golf.csproj", "{0162DD6B-DD0A-478C-9191-30017A7103AE}"
EndProject
Project("{FAE04EC0-301F-11D3-BF4B-00C04F79EFBC}") = "GolfTest", "GolfTest\GolfTest.csproj", "{6EBE18A6-8D5E-44E7-9F0E-F7FC0028EC0C}"
EndProject
Global
	GlobalSection(SolutionConfigurationPlatforms) = preSolution
		Debug|Any CPU = Debug|Any CPU
		Release|Any CPU = Release|Any CPU
	EndGlobalSection
	GlobalSection(ProjectConfigurationPlatforms) = postSolution
		{0162DD6B-DD0A-478C-9191-30017A7103AE}.Debug|Any CPU.ActiveCfg = Debug|Any CPU
		{0162DD6B-DD0A-478C-9191-30017A7103AE}.Debug|Any CPU.Build.0 = Debug|Any CPU
		{0162DD6B-DD0A-478C-9191-30017A7103AE}.Release|Any CPU.ActiveCfg = Release|Any CPU
		{0162DD6B-DD0A-478C-9191-30017A7103AE}.Release|Any CPU.Build.0 = Release|Any CPU
		{6EBE18A6-8D5E-44E7-9F0E-F7FC0028EC0C}.Debug|Any CPU.ActiveCfg = Debug|Any CPU
		{6EBE18A6-8D5E-44E7-9F0E-F7FC0028EC0C}.Debug|Any CPU.Build.0 = Debug|Any CPU
		{6EBE18A6-8D5E-44E7-9F0E-F7FC0028EC0C}.Release|Any CPU.ActiveCfg = Release|Any CPU
		{6EBE18A6-8D5E-44E7-9F0E-F7FC0028EC0C}.Release|Any CPU.Build.0 = Release|Any CPU
	EndGlobalSection
	GlobalSection(SolutionProperties) = preSolution
		HideSolutionNode = FALSE
	EndGlobalSection
	GlobalSection(ExtensibilityGlobals) = postSolution
		SolutionGuid = {859BB1C7-8AE1-43B4-B3FD-85FF837CE216}
	EndGlobalSection
EndGlobal
